// !$*UTF8*$!
{
	archiveVersion = 1;
	classes = {
	};
	objectVersion = 77;
	objects = {

/* Begin PBXBuildFile section */
		9EA600022FA6000100000002 /* ZIPFoundation in Frameworks */ = {isa = PBXBuildFile; productRef = 9EA600032FA6000100000003 /* ZIPFoundation */; };
		9EA600042FA6000100000004 /* ZIPFoundation in Frameworks */ = {isa = PBXBuildFile; productRef = 9EA600032FA6000100000003 /* ZIPFoundation */; };
		9E0351482F4BF88000D864AF /* MLXEmbedders in Frameworks */ = {isa = PBXBuildFile; productRef = 9E0351472F4BF88000D864AF /* MLXEmbedders */; };
		9E03514A2F4BF88000D864AF /* MLXLLM in Frameworks */ = {isa = PBXBuildFile; productRef = 9E0351492F4BF88000D864AF /* MLXLLM */; };
		9E03514C2F4BF88000D864AF /* MLXLMCommon in Frameworks */ = {isa = PBXBuildFile; productRef = 9E03514B2F4BF88000D864AF /* MLXLMCommon */; };
		9E03514E2F4BF88000D864AF /* MLXVLM in Frameworks */ = {isa = PBXBuildFile; productRef = 9E03514D2F4BF88000D864AF /* MLXVLM */; };
		9E5CA0012F6A000100000002 /* onnxruntime in Frameworks */ = {isa = PBXBuildFile; productRef = 9E5CA0012F6A000100000003 /* onnxruntime */; };
		9E5CC2012F80000100000001 /* shareExtension.appex in Embed Foundation Extensions */ = {isa = PBXBuildFile; fileRef = 9E5CC2012F80000100000003 /* shareExtension.appex */; settings = {ATTRIBUTES = (RemoveHeadersOnCopy, ); }; };
		9E5CC3012F80000200000001 /* actionExtension.appex in Embed Foundation Extensions */ = {isa = PBXBuildFile; fileRef = 9E5CC3012F80000200000003 /* actionExtension.appex */; settings = {ATTRIBUTES = (RemoveHeadersOnCopy, ); }; };
		9E5CC4012F80000300000001 /* rivoWidget.appex in Embed Foundation Extensions */ = {isa = PBXBuildFile; fileRef = 9E5CC4012F80000300000003 /* rivoWidget.appex */; settings = {ATTRIBUTES = (RemoveHeadersOnCopy, ); }; };
		9E71A0022F7D000100000001 /* StreamWebRTC in Frameworks */ = {isa = PBXBuildFile; productRef = 9E71A0012F7D000100000001 /* StreamWebRTC */; };
		9ED29E682F47FA34007204D2 /* Intents.framework in Frameworks */ = {isa = PBXBuildFile; fileRef = 9ED29E672F47FA34007204D2 /* Intents.framework */; };
		9ED29E732F47FA34007204D2 /* IntentsUI.framework in Frameworks */ = {isa = PBXBuildFile; fileRef = 9ED29E722F47FA34007204D2 /* IntentsUI.framework */; };
		9ED29E7D2F47FA34007204D2 /* intentExtensionUI.appex in Embed Foundation Extensions */ = {isa = PBXBuildFile; fileRef = 9ED29E712F47FA34007204D2 /* intentExtensionUI.appex */; settings = {ATTRIBUTES = (RemoveHeadersOnCopy, ); }; };
		9ED29E802F47FA34007204D2 /* intentExtension.appex in Embed Foundation Extensions */ = {isa = PBXBuildFile; fileRef = 9ED29E662F47FA34007204D2 /* intentExtension.appex */; settings = {ATTRIBUTES = (RemoveHeadersOnCopy, ); }; };
		9ED29E992F47FA9A007204D2 /* appIntentExtension.appex in Embed ExtensionKit Extensions */ = {isa = PBXBuildFile; fileRef = 9ED29E902F47FA9A007204D2 /* appIntentExtension.appex */; settings = {ATTRIBUTES = (RemoveHeadersOnCopy, ); }; };
/* End PBXBuildFile section */

/* Begin PBXContainerItemProxy section */
		9E5CB1002F6B000100000007 /* PBXContainerItemProxy */ = {
			isa = PBXContainerItemProxy;
			containerPortal = 9E901E8F2F2C4D010028581D /* Project object */;
			proxyType = 1;
			remoteGlobalIDString = 9E901E962F2C4D010028581D;
			remoteInfo = shortcuts_example;
		};
		9E5CC2012F80000100000002 /* PBXContainerItemProxy */ = {
			isa = PBXContainerItemProxy;
			containerPortal = 9E901E8F2F2C4D010028581D /* Project object */;
			proxyType = 1;
			remoteGlobalIDString = 9E5CC2012F80000100000007;
			remoteInfo = shareExtension;
		};
		9E5CC3012F80000200000002 /* PBXContainerItemProxy */ = {
			isa = PBXContainerItemProxy;
			containerPortal = 9E901E8F2F2C4D010028581D /* Project object */;
			proxyType = 1;
			remoteGlobalIDString = 9E5CC3012F80000200000007;
			remoteInfo = actionExtension;
		};
		9E5CC4012F80000300000002 /* PBXContainerItemProxy */ = {
			isa = PBXContainerItemProxy;
			containerPortal = 9E901E8F2F2C4D010028581D /* Project object */;
			proxyType = 1;
			remoteGlobalIDString = 9E5CC4012F80000300000007;
			remoteInfo = rivoWidget;
		};
		9ED29E7B2F47FA34007204D2 /* PBXContainerItemProxy */ = {
			isa = PBXContainerItemProxy;
			containerPortal = 9E901E8F2F2C4D010028581D /* Project object */;
			proxyType = 1;
			remoteGlobalIDString = 9ED29E702F47FA34007204D2;
			remoteInfo = intentExtensionUI;
		};
		9ED29E7E2F47FA34007204D2 /* PBXContainerItemProxy */ = {
			isa = PBXContainerItemProxy;
			containerPortal = 9E901E8F2F2C4D010028581D /* Project object */;
			proxyType = 1;
			remoteGlobalIDString = 9ED29E652F47FA34007204D2;
			remoteInfo = intentExtension;
		};
		9ED29E972F47FA9A007204D2 /* PBXContainerItemProxy */ = {
			isa = PBXContainerItemProxy;
			containerPortal = 9E901E8F2F2C4D010028581D /* Project object */;
			proxyType = 1;
			remoteGlobalIDString = 9ED29E8F2F47FA9A007204D2;
			remoteInfo = appIntentExtension;
		};
/* End PBXContainerItemProxy section */

/* Begin PBXCopyFilesBuildPhase section */
		9ED29E892F47FA34007204D2 /* Embed Foundation Extensions */ = {
			isa = PBXCopyFilesBuildPhase;
			buildActionMask = 2147483647;
			dstPath = "";
			dstSubfolderSpec = 13;
			files = (
				9ED29E802F47FA34007204D2 /* intentExtension.appex in Embed Foundation Extensions */,
				9ED29E7D2F47FA34007204D2 /* intentExtensionUI.appex in Embed Foundation Extensions */,
				9E5CC2012F80000100000001 /* shareExtension.appex in Embed Foundation Extensions */,
				9E5CC3012F80000200000001 /* actionExtension.appex in Embed Foundation Extensions */,
				9E5CC4012F80000300000001 /* rivoWidget.appex in Embed Foundation Extensions */,
			);
			name = "Embed Foundation Extensions";
			runOnlyForDeploymentPostprocessing = 0;
		};
		9ED29E9E2F47FA9A007204D2 /* Embed ExtensionKit Extensions */ = {
			isa = PBXCopyFilesBuildPhase;
			buildActionMask = 2147483647;
			dstPath = "$(EXTENSIONS_FOLDER_PATH)";
			dstSubfolderSpec = 16;
			files = (
				9ED29E992F47FA9A007204D2 /* appIntentExtension.appex in Embed ExtensionKit Extensions */,
			);
			name = "Embed ExtensionKit Extensions";
			runOnlyForDeploymentPostprocessing = 0;
		};
/* End PBXCopyFilesBuildPhase section */

/* Begin PBXFileReference section */
		9E5CB1002F6B000100000001 /* shortcuts_exampleTests.xctest */ = {isa = PBXFileReference; explicitFileType = wrapper.cfbundle; includeInIndex = 0; path = shortcuts_exampleTests.xctest; sourceTree = BUILT_PRODUCTS_DIR; };
		9E5CC2012F80000100000003 /* shareExtension.appex */ = {isa = PBXFileReference; explicitFileType = "wrapper.app-extension"; includeInIndex = 0; path = shareExtension.appex; sourceTree = BUILT_PRODUCTS_DIR; };
		9E5CC3012F80000200000003 /* actionExtension.appex */ = {isa = PBXFileReference; explicitFileType = "wrapper.app-extension"; includeInIndex = 0; path = actionExtension.appex; sourceTree = BUILT_PRODUCTS_DIR; };
		9E5CC4012F80000300000003 /* rivoWidget.appex */ = {isa = PBXFileReference; explicitFileType = "wrapper.app-extension"; includeInIndex = 0; path = rivoWidget.appex; sourceTree = BUILT_PRODUCTS_DIR; };
		9E901E972F2C4D010028581D /* shortcuts_example.app */ = {isa = PBXFileReference; explicitFileType = wrapper.application; includeInIndex = 0; path = shortcuts_example.app; sourceTree = BUILT_PRODUCTS_DIR; };
		9ED29E662F47FA34007204D2 /* intentExtension.appex */ = {isa = PBXFileReference; explicitFileType = "wrapper.app-extension"; includeInIndex = 0; path = intentExtension.appex; sourceTree = BUILT_PRODUCTS_DIR; };
		9ED29E672F47FA34007204D2 /* Intents.framework */ = {isa = PBXFileReference; lastKnownFileType = wrapper.framework; name = Intents.framework; path = System/Library/Frameworks/Intents.framework; sourceTree = SDKROOT; };
		9ED29E712F47FA34007204D2 /* intentExtensionUI.appex */ = {isa = PBXFileReference; explicitFileType = "wrapper.app-extension"; includeInIndex = 0; path = intentExtensionUI.appex; sourceTree = BUILT_PRODUCTS_DIR; };
		9ED29E722F47FA34007204D2 /* IntentsUI.framework */ = {isa = PBXFileReference; lastKnownFileType = wrapper.framework; name = IntentsUI.framework; path = System/Library/Frameworks/IntentsUI.framework; sourceTree = SDKROOT; };
		9ED29E902F47FA9A007204D2 /* appIntentExtension.appex */ = {isa = PBXFileReference; explicitFileType = "wrapper.extensionkit-extension"; includeInIndex = 0; path = appIntentExtension.appex; sourceTree = BUILT_PRODUCTS_DIR; };
/* End PBXFileReference section */

/* Begin PBXFileSystemSynchronizedBuildFileExceptionSet section */
		9E5CC2012F80000100000004 /* Exceptions for "shareExtension" folder in "shareExtension" target */ = {
			isa = PBXFileSystemSynchronizedBuildFileExceptionSet;
			membershipExceptions = (
				Info.plist,
			);
			target = 9E5CC2012F80000100000007 /* shareExtension */;
		};
		9E5CC3012F80000200000004 /* Exceptions for "actionExtension" folder in "actionExtension" target */ = {
			isa = PBXFileSystemSynchronizedBuildFileExceptionSet;
			membershipExceptions = (
				Info.plist,
			);
			target = 9E5CC3012F80000200000007 /* actionExtension */;
		};
		9E5CC4012F80000300000004 /* Exceptions for "rivoWidget" folder in "rivoWidget" target */ = {
			isa = PBXFileSystemSynchronizedBuildFileExceptionSet;
			membershipExceptions = (
				Info.plist,
			);
			target = 9E5CC4012F80000300000007 /* rivoWidget */;
		};
		9ED29E812F47FA34007204D2 /* Exceptions for "intentExtension" folder in "intentExtension" target */ = {
			isa = PBXFileSystemSynchronizedBuildFileExceptionSet;
			membershipExceptions = (
				Info.plist,
			);
			target = 9ED29E652F47FA34007204D2 /* intentExtension */;
		};
		9ED29E852F47FA34007204D2 /* Exceptions for "intentExtensionUI" folder in "intentExtensionUI" target */ = {
			isa = PBXFileSystemSynchronizedBuildFileExceptionSet;
			membershipExceptions = (
				Info.plist,
			);
			target = 9ED29E702F47FA34007204D2 /* intentExtensionUI */;
		};
		9ED29E9A2F47FA9A007204D2 /* Exceptions for "appIntentExtension" folder in "appIntentExtension" target */ = {
			isa = PBXFileSystemSynchronizedBuildFileExceptionSet;
			membershipExceptions = (
				Info.plist,
			);
			target = 9ED29E8F2F47FA9A007204D2 /* appIntentExtension */;
		};
/* End PBXFileSystemSynchronizedBuildFileExceptionSet section */

/* Begin PBXFileSystemSynchronizedRootGroup section */
		9E5CB1002F6B000100000002 /* shortcuts_exampleTests */ = {
			isa = PBXFileSystemSynchronizedRootGroup;
			path = shortcuts_exampleTests;
			sourceTree = "<group>";
		};
		9E901E992F2C4D020028581D /* shortcuts_example */ = {
			isa = PBXFileSystemSynchronizedRootGroup;
			path = shortcuts_example;
			sourceTree = "<group>";
		};
		9E5CC2012F80000100000005 /* shareExtension */ = {
			isa = PBXFileSystemSynchronizedRootGroup;
			exceptions = (
				9E5CC2012F80000100000004 /* Exceptions for "shareExtension" folder in "shareExtension" target */,
			);
			path = shareExtension;
			sourceTree = "<group>";
		};
		9E5CC3012F80000200000005 /* actionExtension */ = {
			isa = PBXFileSystemSynchronizedRootGroup;
			exceptions = (
				9E5CC3012F80000200000004 /* Exceptions for "actionExtension" folder in "actionExtension" target */,
			);
			path = actionExtension;
			sourceTree = "<group>";
		};
		9E5CC4012F80000300000005 /* rivoWidget */ = {
			isa = PBXFileSystemSynchronizedRootGroup;
			exceptions = (
				9E5CC4012F80000300000004 /* Exceptions for "rivoWidget" folder in "rivoWidget" target */,
			);
			path = rivoWidget;
			sourceTree = "<group>";
		};
		9ED29E692F47FA34007204D2 /* intentExtension */ = {
			isa = PBXFileSystemSynchronizedRootGroup;
			exceptions = (
				9ED29E812F47FA34007204D2 /* Exceptions for "intentExtension" folder in "intentExtension" target */,
			);
			path = intentExtension;
			sourceTree = "<group>";
		};
		9ED29E742F47FA34007204D2 /* intentExtensionUI */ = {
			isa = PBXFileSystemSynchronizedRootGroup;
			exceptions = (
				9ED29E852F47FA34007204D2 /* Exceptions for "intentExtensionUI" folder in "intentExtensionUI" target */,
			);
			path = intentExtensionUI;
			sourceTree = "<group>";
		};
		9ED29E912F47FA9A007204D2 /* appIntentExtension */ = {
			isa = PBXFileSystemSynchronizedRootGroup;
			exceptions = (
				9ED29E9A2F47FA9A007204D2 /* Exceptions for "appIntentExtension" folder in "appIntentExtension" target */,
			);
			path = appIntentExtension;
			sourceTree = "<group>";
		};
/* End PBXFileSystemSynchronizedRootGroup section */

/* Begin PBXFrameworksBuildPhase section */
		9E5CB1002F6B000100000005 /* Frameworks */ = {
			isa = PBXFrameworksBuildPhase;
			buildActionMask = 2147483647;
			files = (
				9EA600042FA6000100000004 /* ZIPFoundation in Frameworks */,
			);
			runOnlyForDeploymentPostprocessing = 0;
		};
		9E901E942F2C4D010028581D /* Frameworks */ = {
			isa = PBXFrameworksBuildPhase;
			buildActionMask = 2147483647;
			files = (
				9EA600022FA6000100000002 /* ZIPFoundation in Frameworks */,
				9E03514A2F4BF88000D864AF /* MLXLLM in Frameworks */,
				9E03514C2F4BF88000D864AF /* MLXLMCommon in Frameworks */,
				9E03514E2F4BF88000D864AF /* MLXVLM in Frameworks */,
				9E0351482F4BF88000D864AF /* MLXEmbedders in Frameworks */,
				9E5CA0012F6A000100000002 /* onnxruntime in Frameworks */,
				9E71A0022F7D000100000001 /* StreamWebRTC in Frameworks */,
			);
			runOnlyForDeploymentPostprocessing = 0;
		};
		9E5CC2012F80000100000006 /* Frameworks */ = {
			isa = PBXFrameworksBuildPhase;
			buildActionMask = 2147483647;
			files = (
			);
			runOnlyForDeploymentPostprocessing = 0;
		};
		9E5CC3012F80000200000006 /* Frameworks */ = {
			isa = PBXFrameworksBuildPhase;
			buildActionMask = 2147483647;
			files = (
			);
			runOnlyForDeploymentPostprocessing = 0;
		};
		9E5CC4012F80000300000006 /* Frameworks */ = {
			isa = PBXFrameworksBuildPhase;
			buildActionMask = 2147483647;
			files = (
			);
			runOnlyForDeploymentPostprocessing = 0;
		};
		9ED29E632F47FA34007204D2 /* Frameworks */ = {
			isa = PBXFrameworksBuildPhase;
			buildActionMask = 2147483647;
			files = (
				9ED29E682F47FA34007204D2 /* Intents.framework in Frameworks */,
			);
			runOnlyForDeploymentPostprocessing = 0;
		};
		9ED29E6E2F47FA34007204D2 /* Frameworks */ = {
			isa = PBXFrameworksBuildPhase;
			buildActionMask = 2147483647;
			files = (
				9ED29E732F47FA34007204D2 /* IntentsUI.framework in Frameworks */,
			);
			runOnlyForDeploymentPostprocessing = 0;
		};
		9ED29E8D2F47FA9A007204D2 /* Frameworks */ = {
			isa = PBXFrameworksBuildPhase;
			buildActionMask = 2147483647;
			files = (
			);
			runOnlyForDeploymentPostprocessing = 0;
		};
/* End PBXFrameworksBuildPhase section */

/* Begin PBXGroup section */
		9E901E8E2F2C4D010028581D = {
			isa = PBXGroup;
			children = (
				9E901E992F2C4D020028581D /* shortcuts_example */,
				9E5CB1002F6B000100000002 /* shortcuts_exampleTests */,
				9E5CC2012F80000100000005 /* shareExtension */,
				9E5CC3012F80000200000005 /* actionExtension */,
				9E5CC4012F80000300000005 /* rivoWidget */,
				9ED29E692F47FA34007204D2 /* intentExtension */,
				9ED29E742F47FA34007204D2 /* intentExtensionUI */,
				9ED29E912F47FA9A007204D2 /* appIntentExtension */,
				9ED29D382F3435A8007204D2 /* Frameworks */,
				9E901E982F2C4D010028581D /* Products */,
			);
			sourceTree = "<group>";
		};
		9E901E982F2C4D010028581D /* Products */ = {
			isa = PBXGroup;
			children = (
				9E901E972F2C4D010028581D /* shortcuts_example.app */,
				9E5CB1002F6B000100000001 /* shortcuts_exampleTests.xctest */,
				9E5CC2012F80000100000003 /* shareExtension.appex */,
				9E5CC3012F80000200000003 /* actionExtension.appex */,
				9E5CC4012F80000300000003 /* rivoWidget.appex */,
				9ED29E662F47FA34007204D2 /* intentExtension.appex */,
				9ED29E712F47FA34007204D2 /* intentExtensionUI.appex */,
				9ED29E902F47FA9A007204D2 /* appIntentExtension.appex */,
			);
			name = Products;
			sourceTree = "<group>";
		};
		9ED29D382F3435A8007204D2 /* Frameworks */ = {
			isa = PBXGroup;
			children = (
				9ED29E672F47FA34007204D2 /* Intents.framework */,
				9ED29E722F47FA34007204D2 /* IntentsUI.framework */,
			);
			name = Frameworks;
			sourceTree = "<group>";
		};
/* End PBXGroup section */

/* Begin PBXNativeTarget section */
		9E5CC2012F80000100000007 /* shareExtension */ = {
			isa = PBXNativeTarget;
			buildConfigurationList = 9E5CC2012F8000010000000D /* Build configuration list for PBXNativeTarget "shareExtension" */;
			buildPhases = (
				9E5CC2012F80000100000008 /* Sources */,
				9E5CC2012F80000100000006 /* Frameworks */,
				9E5CC2012F80000100000009 /* Resources */,
			);
			buildRules = (
			);
			dependencies = (
			);
			fileSystemSynchronizedGroups = (
				9E5CC2012F80000100000005 /* shareExtension */,
			);
			name = shareExtension;
			packageProductDependencies = (
			);
			productName = shareExtension;
			productReference = 9E5CC2012F80000100000003 /* shareExtension.appex */;
			productType = "com.apple.product-type.app-extension";
		};
		9E5CC3012F80000200000007 /* actionExtension */ = {
			isa = PBXNativeTarget;
			buildConfigurationList = 9E5CC3012F8000020000000D /* Build configuration list for PBXNativeTarget "actionExtension" */;
			buildPhases = (
				9E5CC3012F80000200000008 /* Sources */,
				9E5CC3012F80000200000006 /* Frameworks */,
				9E5CC3012F80000200000009 /* Resources */,
			);
			buildRules = (
			);
			dependencies = (
			);
			fileSystemSynchronizedGroups = (
				9E5CC3012F80000200000005 /* actionExtension */,
			);
			name = actionExtension;
			packageProductDependencies = (
			);
			productName = actionExtension;
			productReference = 9E5CC3012F80000200000003 /* actionExtension.appex */;
			productType = "com.apple.product-type.app-extension";
		};
		9E5CC4012F80000300000007 /* rivoWidget */ = {
			isa = PBXNativeTarget;
			buildConfigurationList = 9E5CC4012F8000030000000D /* Build configuration list for PBXNativeTarget "rivoWidget" */;
			buildPhases = (
				9E5CC4012F80000300000008 /* Sources */,
				9E5CC4012F80000300000006 /* Frameworks */,
				9E5CC4012F80000300000009 /* Resources */,
			);
			buildRules = (
			);
			dependencies = (
			);
			fileSystemSynchronizedGroups = (
				9E5CC4012F80000300000005 /* rivoWidget */,
			);
			name = rivoWidget;
			packageProductDependencies = (
			);
			productName = rivoWidget;
			productReference = 9E5CC4012F80000300000003 /* rivoWidget.appex */;
			productType = "com.apple.product-type.app-extension";
		};
		9E5CB1002F6B000100000003 /* shortcuts_exampleTests */ = {
			isa = PBXNativeTarget;
			buildConfigurationList = 9E5CB1002F6B00010000000B /* Build configuration list for PBXNativeTarget "shortcuts_exampleTests" */;
			buildPhases = (
				9E5CB1002F6B000100000004 /* Sources */,
				9E5CB1002F6B000100000005 /* Frameworks */,
				9E5CB1002F6B000100000006 /* Resources */,
			);
			buildRules = (
			);
			dependencies = (
				9E5CB1002F6B000100000008 /* PBXTargetDependency */,
			);
			fileSystemSynchronizedGroups = (
				9E5CB1002F6B000100000002 /* shortcuts_exampleTests */,
			);
			name = shortcuts_exampleTests;
			packageProductDependencies = (
				9EA600032FA6000100000003 /* ZIPFoundation */,
			);
			productName = shortcuts_exampleTests;
			productReference = 9E5CB1002F6B000100000001 /* shortcuts_exampleTests.xctest */;
			productType = "com.apple.product-type.bundle.unit-test";
		};
		9E901E962F2C4D010028581D /* shortcuts_example */ = {
			isa = PBXNativeTarget;
			buildConfigurationList = 9E901EA22F2C4D030028581D /* Build configuration list for PBXNativeTarget "shortcuts_example" */;
			buildPhases = (
				9E901E932F2C4D010028581D /* Sources */,
				9E901E942F2C4D010028581D /* Frameworks */,
				9E901E952F2C4D010028581D /* Resources */,
				9ED29E892F47FA34007204D2 /* Embed Foundation Extensions */,
				9ED29E9E2F47FA9A007204D2 /* Embed ExtensionKit Extensions */,
			);
			buildRules = (
			);
			dependencies = (
				9ED29E7C2F47FA34007204D2 /* PBXTargetDependency */,
				9ED29E7F2F47FA34007204D2 /* PBXTargetDependency */,
				9ED29E982F47FA9A007204D2 /* PBXTargetDependency */,
				9E5CC2012F8000010000000A /* PBXTargetDependency */,
				9E5CC3012F8000020000000A /* PBXTargetDependency */,
				9E5CC4012F8000030000000A /* PBXTargetDependency */,
			);
			fileSystemSynchronizedGroups = (
				9E901E992F2C4D020028581D /* shortcuts_example */,
			);
			name = shortcuts_example;
			packageProductDependencies = (
				9EA600032FA6000100000003 /* ZIPFoundation */,
				9E0351472F4BF88000D864AF /* MLXEmbedders */,
				9E0351492F4BF88000D864AF /* MLXLLM */,
				9E03514B2F4BF88000D864AF /* MLXLMCommon */,
				9E03514D2F4BF88000D864AF /* MLXVLM */,
				9E5CA0012F6A000100000003 /* onnxruntime */,
				9E71A0012F7D000100000001 /* StreamWebRTC */,
			);
			productName = shortcuts_example;
			productReference = 9E901E972F2C4D010028581D /* shortcuts_example.app */;
			productType = "com.apple.product-type.application";
		};
		9ED29E652F47FA34007204D2 /* intentExtension */ = {
			isa = PBXNativeTarget;
			buildConfigurationList = 9ED29E822F47FA34007204D2 /* Build configuration list for PBXNativeTarget "intentExtension" */;
			buildPhases = (
				9ED29E622F47FA34007204D2 /* Sources */,
				9ED29E632F47FA34007204D2 /* Frameworks */,
				9ED29E642F47FA34007204D2 /* Resources */,
			);
			buildRules = (
			);
			dependencies = (
			);
			fileSystemSynchronizedGroups = (
				9ED29E692F47FA34007204D2 /* intentExtension */,
			);
			name = intentExtension;
			packageProductDependencies = (
			);
			productName = intentExtension;
			productReference = 9ED29E662F47FA34007204D2 /* intentExtension.appex */;
			productType = "com.apple.product-type.app-extension";
		};
		9ED29E702F47FA34007204D2 /* intentExtensionUI */ = {
			isa = PBXNativeTarget;
			buildConfigurationList = 9ED29E862F47FA34007204D2 /* Build configuration list for PBXNativeTarget "intentExtensionUI" */;
			buildPhases = (
				9ED29E6D2F47FA34007204D2 /* Sources */,
				9ED29E6E2F47FA34007204D2 /* Frameworks */,
				9ED29E6F2F47FA34007204D2 /* Resources */,
			);
			buildRules = (
			);
			dependencies = (
			);
			fileSystemSynchronizedGroups = (
				9ED29E742F47FA34007204D2 /* intentExtensionUI */,
			);
			name = intentExtensionUI;
			packageProductDependencies = (
			);
			productName = intentExtensionUI;
			productReference = 9ED29E712F47FA34007204D2 /* intentExtensionUI.appex */;
			productType = "com.apple.product-type.app-extension";
		};
		9ED29E8F2F47FA9A007204D2 /* appIntentExtension */ = {
			isa = PBXNativeTarget;
			buildConfigurationList = 9ED29E9B2F47FA9A007204D2 /* Build configuration list for PBXNativeTarget "appIntentExtension" */;
			buildPhases = (
				9ED29E8C2F47FA9A007204D2 /* Sources */,
				9ED29E8D2F47FA9A007204D2 /* Frameworks */,
				9ED29E8E2F47FA9A007204D2 /* Resources */,
			);
			buildRules = (
			);
			dependencies = (
			);
			fileSystemSynchronizedGroups = (
				9ED29E912F47FA9A007204D2 /* appIntentExtension */,
			);
			name = appIntentExtension;
			packageProductDependencies = (
			);
			productName = appIntentExtension;
			productReference = 9ED29E902F47FA9A007204D2 /* appIntentExtension.appex */;
			productType = "com.apple.product-type.extensionkit-extension";
		};
/* End PBXNativeTarget section */

/* Begin PBXProject section */
		9E901E8F2F2C4D010028581D /* Project object */ = {
			isa = PBXProject;
			attributes = {
				BuildIndependentTargetsInParallel = 1;
				LastSwiftUpdateCheck = 2620;
				LastUpgradeCheck = 2620;
				TargetAttributes = {
					9E5CB1002F6B000100000003 = {
						CreatedOnToolsVersion = 26.2;
						TestTargetID = 9E901E962F2C4D010028581D;
					};
					9E901E962F2C4D010028581D = {
						CreatedOnToolsVersion = 26.2;
					};
					9E5CC2012F80000100000007 = {
						CreatedOnToolsVersion = 26.2;
					};
					9E5CC3012F80000200000007 = {
						CreatedOnToolsVersion = 26.2;
					};
					9E5CC4012F80000300000007 = {
						CreatedOnToolsVersion = 26.2;
					};
					9ED29E652F47FA34007204D2 = {
						CreatedOnToolsVersion = 26.2;
					};
					9ED29E702F47FA34007204D2 = {
						CreatedOnToolsVersion = 26.2;
					};
					9ED29E8F2F47FA9A007204D2 = {
						CreatedOnToolsVersion = 26.2;
					};
				};
			};
			buildConfigurationList = 9E901E922F2C4D010028581D /* Build configuration list for PBXProject "shortcuts_example" */;
			developmentRegion = ko;
			hasScannedForEncodings = 0;
			knownRegions = (
				ko,
				en,
				ja,
				Base,
			);
			mainGroup = 9E901E8E2F2C4D010028581D;
			minimizedProjectReferenceProxies = 1;
			packageReferences = (
				9EA600012FA6000100000001 /* XCRemoteSwiftPackageReference "ZIPFoundation" */,
				9E0351462F4BF88000D864AF /* XCRemoteSwiftPackageReference "mlx-swift-lm" */,
				9E5CA0012F6A000100000001 /* XCRemoteSwiftPackageReference "onnxruntime-swift-package-manager" */,
				9E71A0002F7D000100000001 /* XCRemoteSwiftPackageReference "stream-video-swift-webrtc" */,
			);
			preferredProjectObjectVersion = 77;
			productRefGroup = 9E901E982F2C4D010028581D /* Products */;
			projectDirPath = "";
			projectRoot = "";
			targets = (
				9E901E962F2C4D010028581D /* shortcuts_example */,
				9E5CB1002F6B000100000003 /* shortcuts_exampleTests */,
				9E5CC2012F80000100000007 /* shareExtension */,
				9E5CC3012F80000200000007 /* actionExtension */,
				9E5CC4012F80000300000007 /* rivoWidget */,
				9ED29E652F47FA34007204D2 /* intentExtension */,
				9ED29E702F47FA34007204D2 /* intentExtensionUI */,
				9ED29E8F2F47FA9A007204D2 /* appIntentExtension */,
			);
		};
/* End PBXProject section */

/* Begin PBXResourcesBuildPhase section */
		9E5CC2012F80000100000009 /* Resources */ = {
			isa = PBXResourcesBuildPhase;
			buildActionMask = 2147483647;
			files = (
			);
			runOnlyForDeploymentPostprocessing = 0;
		};
		9E5CC3012F80000200000009 /* Resources */ = {
			isa = PBXResourcesBuildPhase;
			buildActionMask = 2147483647;
			files = (
			);
			runOnlyForDeploymentPostprocessing = 0;
		};
		9E5CC4012F80000300000009 /* Resources */ = {
			isa = PBXResourcesBuildPhase;
			buildActionMask = 2147483647;
			files = (
			);
			runOnlyForDeploymentPostprocessing = 0;
		};
		9E5CB1002F6B000100000006 /* Resources */ = {
			isa = PBXResourcesBuildPhase;
			buildActionMask = 2147483647;
			files = (
			);
			runOnlyForDeploymentPostprocessing = 0;
		};
		9E901E952F2C4D010028581D /* Resources */ = {
			isa = PBXResourcesBuildPhase;
			buildActionMask = 2147483647;
			files = (
			);
			runOnlyForDeploymentPostprocessing = 0;
		};
		9ED29E642F47FA34007204D2 /* Resources */ = {
			isa = PBXResourcesBuildPhase;
			buildActionMask = 2147483647;
			files = (
			);
			runOnlyForDeploymentPostprocessing = 0;
		};
		9ED29E6F2F47FA34007204D2 /* Resources */ = {
			isa = PBXResourcesBuildPhase;
			buildActionMask = 2147483647;
			files = (
			);
			runOnlyForDeploymentPostprocessing = 0;
		};
		9ED29E8E2F47FA9A007204D2 /* Resources */ = {
			isa = PBXResourcesBuildPhase;
			buildActionMask = 2147483647;
			files = (
			);
			runOnlyForDeploymentPostprocessing = 0;
		};
/* End PBXResourcesBuildPhase section */

/* Begin PBXSourcesBuildPhase section */
		9E5CC2012F80000100000008 /* Sources */ = {
			isa = PBXSourcesBuildPhase;
			buildActionMask = 2147483647;
			files = (
			);
			runOnlyForDeploymentPostprocessing = 0;
		};
		9E5CC3012F80000200000008 /* Sources */ = {
			isa = PBXSourcesBuildPhase;
			buildActionMask = 2147483647;
			files = (
			);
			runOnlyForDeploymentPostprocessing = 0;
		};
		9E5CC4012F80000300000008 /* Sources */ = {
			isa = PBXSourcesBuildPhase;
			buildActionMask = 2147483647;
			files = (
			);
			runOnlyForDeploymentPostprocessing = 0;
		};
		9E5CB1002F6B000100000004 /* Sources */ = {
			isa = PBXSourcesBuildPhase;
			buildActionMask = 2147483647;
			files = (
			);
			runOnlyForDeploymentPostprocessing = 0;
		};
		9E901E932F2C4D010028581D /* Sources */ = {
			isa = PBXSourcesBuildPhase;
			buildActionMask = 2147483647;
			files = (
			);
			runOnlyForDeploymentPostprocessing = 0;
		};
		9ED29E622F47FA34007204D2 /* Sources */ = {
			isa = PBXSourcesBuildPhase;
			buildActionMask = 2147483647;
			files = (
			);
			runOnlyForDeploymentPostprocessing = 0;
		};
		9ED29E6D2F47FA34007204D2 /* Sources */ = {
			isa = PBXSourcesBuildPhase;
			buildActionMask = 2147483647;
			files = (
			);
			runOnlyForDeploymentPostprocessing = 0;
		};
		9ED29E8C2F47FA9A007204D2 /* Sources */ = {
			isa = PBXSourcesBuildPhase;
			buildActionMask = 2147483647;
			files = (
			);
			runOnlyForDeploymentPostprocessing = 0;
		};
/* End PBXSourcesBuildPhase section */

/* Begin PBXTargetDependency section */
		9E5CB1002F6B000100000008 /* PBXTargetDependency */ = {
			isa = PBXTargetDependency;
			target = 9E901E962F2C4D010028581D /* shortcuts_example */;
			targetProxy = 9E5CB1002F6B000100000007 /* PBXContainerItemProxy */;
		};
		9E5CC2012F8000010000000A /* PBXTargetDependency */ = {
			isa = PBXTargetDependency;
			target = 9E5CC2012F80000100000007 /* shareExtension */;
			targetProxy = 9E5CC2012F80000100000002 /* PBXContainerItemProxy */;
		};
		9E5CC3012F8000020000000A /* PBXTargetDependency */ = {
			isa = PBXTargetDependency;
			target = 9E5CC3012F80000200000007 /* actionExtension */;
			targetProxy = 9E5CC3012F80000200000002 /* PBXContainerItemProxy */;
		};
		9E5CC4012F8000030000000A /* PBXTargetDependency */ = {
			isa = PBXTargetDependency;
			target = 9E5CC4012F80000300000007 /* rivoWidget */;
			targetProxy = 9E5CC4012F80000300000002 /* PBXContainerItemProxy */;
		};
		9ED29E7C2F47FA34007204D2 /* PBXTargetDependency */ = {
			isa = PBXTargetDependency;
			target = 9ED29E702F47FA34007204D2 /* intentExtensionUI */;
			targetProxy = 9ED29E7B2F47FA34007204D2 /* PBXContainerItemProxy */;
		};
		9ED29E7F2F47FA34007204D2 /* PBXTargetDependency */ = {
			isa = PBXTargetDependency;
			target = 9ED29E652F47FA34007204D2 /* intentExtension */;
			targetProxy = 9ED29E7E2F47FA34007204D2 /* PBXContainerItemProxy */;
		};
		9ED29E982F47FA9A007204D2 /* PBXTargetDependency */ = {
			isa = PBXTargetDependency;
			target = 9ED29E8F2F47FA9A007204D2 /* appIntentExtension */;
			targetProxy = 9ED29E972F47FA9A007204D2 /* PBXContainerItemProxy */;
		};
/* End PBXTargetDependency section */

/* Begin XCBuildConfiguration section */
		9E5CC2012F8000010000000B /* Debug */ = {
			isa = XCBuildConfiguration;
			buildSettings = {
				APPLICATION_EXTENSION_API_ONLY = YES;
				CODE_SIGN_ENTITLEMENTS = shareExtension/shareExtension.entitlements;
				CODE_SIGN_STYLE = Automatic;
				CURRENT_PROJECT_VERSION = 1;
				DEVELOPMENT_TEAM = Z3TXJ872H6;
				GENERATE_INFOPLIST_FILE = YES;
				INFOPLIST_FILE = shareExtension/Info.plist;
				INFOPLIST_KEY_CFBundleDisplayName = "VisionCraft로 공유";
				IPHONEOS_DEPLOYMENT_TARGET = 26.2;
				LD_RUNPATH_SEARCH_PATHS = (
					"$(inherited)",
					"@executable_path/Frameworks",
					"@executable_path/../../Frameworks",
				);
				MARKETING_VERSION = 1.0;
				PRODUCT_BUNDLE_IDENTIFIER = "com.rivo.shortcuts-example.shortcuts-example.shareExtension";
				PRODUCT_NAME = "$(TARGET_NAME)";
				SDKROOT = iphoneos;
				SKIP_INSTALL = YES;
				STRING_CATALOG_GENERATE_SYMBOLS = YES;
				SWIFT_APPROACHABLE_CONCURRENCY = YES;
				SWIFT_DEFAULT_ACTOR_ISOLATION = MainActor;
				SWIFT_EMIT_LOC_STRINGS = YES;
				SWIFT_UPCOMING_FEATURE_MEMBER_IMPORT_VISIBILITY = YES;
				SWIFT_VERSION = 5.0;
				TARGETED_DEVICE_FAMILY = "1,2";
			};
			name = Debug;
		};
		9E5CC2012F8000010000000C /* Release */ = {
			isa = XCBuildConfiguration;
			buildSettings = {
				APPLICATION_EXTENSION_API_ONLY = YES;
				CODE_SIGN_ENTITLEMENTS = shareExtension/shareExtension.entitlements;
				CODE_SIGN_STYLE = Automatic;
				CURRENT_PROJECT_VERSION = 1;
				DEVELOPMENT_TEAM = Z3TXJ872H6;
				GENERATE_INFOPLIST_FILE = YES;
				INFOPLIST_FILE = shareExtension/Info.plist;
				INFOPLIST_KEY_CFBundleDisplayName = "VisionCraft로 공유";
				IPHONEOS_DEPLOYMENT_TARGET = 26.2;
				LD_RUNPATH_SEARCH_PATHS = (
					"$(inherited)",
					"@executable_path/Frameworks",
					"@executable_path/../../Frameworks",
				);
				MARKETING_VERSION = 1.0;
				PRODUCT_BUNDLE_IDENTIFIER = "com.rivo.shortcuts-example.shortcuts-example.shareExtension";
				PRODUCT_NAME = "$(TARGET_NAME)";
				SDKROOT = iphoneos;
				SKIP_INSTALL = YES;
				STRING_CATALOG_GENERATE_SYMBOLS = YES;
				SWIFT_APPROACHABLE_CONCURRENCY = YES;
				SWIFT_DEFAULT_ACTOR_ISOLATION = MainActor;
				SWIFT_EMIT_LOC_STRINGS = YES;
				SWIFT_UPCOMING_FEATURE_MEMBER_IMPORT_VISIBILITY = YES;
				SWIFT_VERSION = 5.0;
				TARGETED_DEVICE_FAMILY = "1,2";
				VALIDATE_PRODUCT = YES;
			};
			name = Release;
		};
		9E5CC3012F8000020000000B /* Debug */ = {
			isa = XCBuildConfiguration;
			buildSettings = {
				APPLICATION_EXTENSION_API_ONLY = YES;
				CODE_SIGN_ENTITLEMENTS = actionExtension/actionExtension.entitlements;
				CODE_SIGN_STYLE = Automatic;
				CURRENT_PROJECT_VERSION = 1;
				DEVELOPMENT_TEAM = Z3TXJ872H6;
				GENERATE_INFOPLIST_FILE = YES;
				INFOPLIST_FILE = actionExtension/Info.plist;
				INFOPLIST_KEY_CFBundleDisplayName = "VisionCraft에 질문";
				IPHONEOS_DEPLOYMENT_TARGET = 26.2;
				LD_RUNPATH_SEARCH_PATHS = (
					"$(inherited)",
					"@executable_path/Frameworks",
					"@executable_path/../../Frameworks",
				);
				MARKETING_VERSION = 1.0;
				PRODUCT_BUNDLE_IDENTIFIER = "com.rivo.shortcuts-example.shortcuts-example.actionExtension";
				PRODUCT_NAME = "$(TARGET_NAME)";
				SDKROOT = iphoneos;
				SKIP_INSTALL = YES;
				STRING_CATALOG_GENERATE_SYMBOLS = YES;
				SWIFT_APPROACHABLE_CONCURRENCY = YES;
				SWIFT_DEFAULT_ACTOR_ISOLATION = MainActor;
				SWIFT_EMIT_LOC_STRINGS = YES;
				SWIFT_UPCOMING_FEATURE_MEMBER_IMPORT_VISIBILITY = YES;
				SWIFT_VERSION = 5.0;
				TARGETED_DEVICE_FAMILY = "1,2";
			};
			name = Debug;
		};
		9E5CC3012F8000020000000C /* Release */ = {
			isa = XCBuildConfiguration;
			buildSettings = {
				APPLICATION_EXTENSION_API_ONLY = YES;
				CODE_SIGN_ENTITLEMENTS = actionExtension/actionExtension.entitlements;
				CODE_SIGN_STYLE = Automatic;
				CURRENT_PROJECT_VERSION = 1;
				DEVELOPMENT_TEAM = Z3TXJ872H6;
				GENERATE_INFOPLIST_FILE = YES;
				INFOPLIST_FILE = actionExtension/Info.plist;
				INFOPLIST_KEY_CFBundleDisplayName = "VisionCraft에 질문";
				IPHONEOS_DEPLOYMENT_TARGET = 26.2;
				LD_RUNPATH_SEARCH_PATHS = (
					"$(inherited)",
					"@executable_path/Frameworks",
					"@executable_path/../../Frameworks",
				);
				MARKETING_VERSION = 1.0;
				PRODUCT_BUNDLE_IDENTIFIER = "com.rivo.shortcuts-example.shortcuts-example.actionExtension";
				PRODUCT_NAME = "$(TARGET_NAME)";
				SDKROOT = iphoneos;
				SKIP_INSTALL = YES;
				STRING_CATALOG_GENERATE_SYMBOLS = YES;
				SWIFT_APPROACHABLE_CONCURRENCY = YES;
				SWIFT_DEFAULT_ACTOR_ISOLATION = MainActor;
				SWIFT_EMIT_LOC_STRINGS = YES;
				SWIFT_UPCOMING_FEATURE_MEMBER_IMPORT_VISIBILITY = YES;
				SWIFT_VERSION = 5.0;
				TARGETED_DEVICE_FAMILY = "1,2";
				VALIDATE_PRODUCT = YES;
			};
			name = Release;
		};
		9E5CC4012F8000030000000B /* Debug */ = {
			isa = XCBuildConfiguration;
			buildSettings = {
				APPLICATION_EXTENSION_API_ONLY = YES;
				CODE_SIGN_ENTITLEMENTS = rivoWidget/rivoWidget.entitlements;
				CODE_SIGN_STYLE = Automatic;
				CURRENT_PROJECT_VERSION = 1;
				DEVELOPMENT_TEAM = Z3TXJ872H6;
				GENERATE_INFOPLIST_FILE = YES;
				INFOPLIST_FILE = rivoWidget/Info.plist;
				INFOPLIST_KEY_CFBundleDisplayName = "Rivo 상태";
				IPHONEOS_DEPLOYMENT_TARGET = 26.2;
				LD_RUNPATH_SEARCH_PATHS = (
					"$(inherited)",
					"@executable_path/Frameworks",
					"@executable_path/../../Frameworks",
				);
				MARKETING_VERSION = 1.0;
				PRODUCT_BUNDLE_IDENTIFIER = "com.rivo.shortcuts-example.shortcuts-example.rivoWidget";
				PRODUCT_NAME = "$(TARGET_NAME)";
				SDKROOT = iphoneos;
				SKIP_INSTALL = YES;
				STRING_CATALOG_GENERATE_SYMBOLS = YES;
				SWIFT_APPROACHABLE_CONCURRENCY = YES;
				SWIFT_DEFAULT_ACTOR_ISOLATION = MainActor;
				SWIFT_EMIT_LOC_STRINGS = YES;
				SWIFT_UPCOMING_FEATURE_MEMBER_IMPORT_VISIBILITY = YES;
				SWIFT_VERSION = 5.0;
				TARGETED_DEVICE_FAMILY = "1,2";
			};
			name = Debug;
		};
		9E5CC4012F8000030000000C /* Release */ = {
			isa = XCBuildConfiguration;
			buildSettings = {
				APPLICATION_EXTENSION_API_ONLY = YES;
				CODE_SIGN_ENTITLEMENTS = rivoWidget/rivoWidget.entitlements;
				CODE_SIGN_STYLE = Automatic;
				CURRENT_PROJECT_VERSION = 1;
				DEVELOPMENT_TEAM = Z3TXJ872H6;
				GENERATE_INFOPLIST_FILE = YES;
				INFOPLIST_FILE = rivoWidget/Info.plist;
				INFOPLIST_KEY_CFBundleDisplayName = "Rivo 상태";
				IPHONEOS_DEPLOYMENT_TARGET = 26.2;
				LD_RUNPATH_SEARCH_PATHS = (
					"$(inherited)",
					"@executable_path/Frameworks",
					"@executable_path/../../Frameworks",
				);
				MARKETING_VERSION = 1.0;
				PRODUCT_BUNDLE_IDENTIFIER = "com.rivo.shortcuts-example.shortcuts-example.rivoWidget";
				PRODUCT_NAME = "$(TARGET_NAME)";
				SDKROOT = iphoneos;
				SKIP_INSTALL = YES;
				STRING_CATALOG_GENERATE_SYMBOLS = YES;
				SWIFT_APPROACHABLE_CONCURRENCY = YES;
				SWIFT_DEFAULT_ACTOR_ISOLATION = MainActor;
				SWIFT_EMIT_LOC_STRINGS = YES;
				SWIFT_UPCOMING_FEATURE_MEMBER_IMPORT_VISIBILITY = YES;
				SWIFT_VERSION = 5.0;
				TARGETED_DEVICE_FAMILY = "1,2";
				VALIDATE_PRODUCT = YES;
			};
			name = Release;
		};
		9E5CB1002F6B000100000009 /* Debug */ = {
			isa = XCBuildConfiguration;
			buildSettings = {
				BUNDLE_LOADER = "$(TEST_HOST)";
				CODE_SIGN_STYLE = Automatic;
				CURRENT_PROJECT_VERSION = 1;
				GENERATE_INFOPLIST_FILE = YES;
				IPHONEOS_DEPLOYMENT_TARGET = 26.2;
				LD_RUNPATH_SEARCH_PATHS = (
					"$(inherited)",
					"@executable_path/Frameworks",
					"@loader_path/Frameworks",
				);
				MARKETING_VERSION = 1.0;
				PRODUCT_BUNDLE_IDENTIFIER = "com.rivo.shortcuts-example.shortcuts-exampleTests";
				PRODUCT_NAME = "$(TARGET_NAME)";
				SUPPORTED_PLATFORMS = "iphoneos iphonesimulator";
				SWIFT_DEFAULT_ACTOR_ISOLATION = MainActor;
				SWIFT_VERSION = 5.0;
				TARGETED_DEVICE_FAMILY = "1,2";
				TEST_HOST = "$(BUILT_PRODUCTS_DIR)/shortcuts_example.app/$(BUNDLE_EXECUTABLE_FOLDER_PATH)/shortcuts_example";
				TEST_TARGET_NAME = shortcuts_example;
			};
			name = Debug;
		};
		9E5CB1002F6B00010000000A /* Release */ = {
			isa = XCBuildConfiguration;
			buildSettings = {
				BUNDLE_LOADER = "$(TEST_HOST)";
				CODE_SIGN_STYLE = Automatic;
				CURRENT_PROJECT_VERSION = 1;
				GENERATE_INFOPLIST_FILE = YES;
				IPHONEOS_DEPLOYMENT_TARGET = 26.2;
				LD_RUNPATH_SEARCH_PATHS = (
					"$(inherited)",
					"@executable_path/Frameworks",
					"@loader_path/Frameworks",
				);
				MARKETING_VERSION = 1.0;
				PRODUCT_BUNDLE_IDENTIFIER = "com.rivo.shortcuts-example.shortcuts-exampleTests";
				PRODUCT_NAME = "$(TARGET_NAME)";
				SUPPORTED_PLATFORMS = "iphoneos iphonesimulator";
				SWIFT_DEFAULT_ACTOR_ISOLATION = MainActor;
				SWIFT_VERSION = 5.0;
				TARGETED_DEVICE_FAMILY = "1,2";
				TEST_HOST = "$(BUILT_PRODUCTS_DIR)/shortcuts_example.app/$(BUNDLE_EXECUTABLE_FOLDER_PATH)/shortcuts_example";
				TEST_TARGET_NAME = shortcuts_example;
			};
			name = Release;
		};
		9E901EA02F2C4D030028581D /* Debug */ = {
			isa = XCBuildConfiguration;
			buildSettings = {
				ALWAYS_SEARCH_USER_PATHS = NO;
				ASSETCATALOG_COMPILER_GENERATE_SWIFT_ASSET_SYMBOL_EXTENSIONS = YES;
				CLANG_ANALYZER_NONNULL = YES;
				CLANG_ANALYZER_NUMBER_OBJECT_CONVERSION = YES_AGGRESSIVE;
				CLANG_CXX_LANGUAGE_STANDARD = "gnu++20";
				CLANG_ENABLE_MODULES = YES;
				CLANG_ENABLE_OBJC_ARC = YES;
				CLANG_ENABLE_OBJC_WEAK = YES;
				CLANG_WARN_BLOCK_CAPTURE_AUTORELEASING = YES;
				CLANG_WARN_BOOL_CONVERSION = YES;
				CLANG_WARN_COMMA = YES;
				CLANG_WARN_CONSTANT_CONVERSION = YES;
				CLANG_WARN_DEPRECATED_OBJC_IMPLEMENTATIONS = YES;
				CLANG_WARN_DIRECT_OBJC_ISA_USAGE = YES_ERROR;
				CLANG_WARN_DOCUMENTATION_COMMENTS = YES;
				CLANG_WARN_EMPTY_BODY = YES;
				CLANG_WARN_ENUM_CONVERSION = YES;
				CLANG_WARN_INFINITE_RECURSION = YES;
				CLANG_WARN_INT_CONVERSION = YES;
				CLANG_WARN_NON_LITERAL_NULL_CONVERSION = YES;
				CLANG_WARN_OBJC_IMPLICIT_RETAIN_SELF = YES;
				CLANG_WARN_OBJC_LITERAL_CONVERSION = YES;
				CLANG_WARN_OBJC_ROOT_CLASS = YES_ERROR;
				CLANG_WARN_QUOTED_INCLUDE_IN_FRAMEWORK_HEADER = YES;
				CLANG_WARN_RANGE_LOOP_ANALYSIS = YES;
				CLANG_WARN_STRICT_PROTOTYPES = YES;
				CLANG_WARN_SUSPICIOUS_MOVE = YES;
				CLANG_WARN_UNGUARDED_AVAILABILITY = YES_AGGRESSIVE;
				CLANG_WARN_UNREACHABLE_CODE = YES;
				CLANG_WARN__DUPLICATE_METHOD_MATCH = YES;
				COPY_PHASE_STRIP = NO;
				DEBUG_INFORMATION_FORMAT = dwarf;
				DEVELOPMENT_TEAM = Z3TXJ872H6;
				ENABLE_STRICT_OBJC_MSGSEND = YES;
				ENABLE_TESTABILITY = YES;
				ENABLE_USER_SCRIPT_SANDBOXING = YES;
				GCC_C_LANGUAGE_STANDARD = gnu17;
				GCC_DYNAMIC_NO_PIC = NO;
				GCC_NO_COMMON_BLOCKS = YES;
				GCC_OPTIMIZATION_LEVEL = 0;
				GCC_PREPROCESSOR_DEFINITIONS = (
					"DEBUG=1",
					"$(inherited)",
				);
				GCC_WARN_64_TO_32_BIT_CONVERSION = YES;
				GCC_WARN_ABOUT_RETURN_TYPE = YES_ERROR;
				GCC_WARN_UNDECLARED_SELECTOR = YES;
				GCC_WARN_UNINITIALIZED_AUTOS = YES_AGGRESSIVE;
				GCC_WARN_UNUSED_FUNCTION = YES;
				GCC_WARN_UNUSED_VARIABLE = YES;
				LOCALIZATION_PREFERS_STRING_CATALOGS = YES;
				MTL_ENABLE_DEBUG_INFO = INCLUDE_SOURCE;
				MTL_FAST_MATH = NO;
				ONLY_ACTIVE_ARCH = YES;
				SWIFT_ACTIVE_COMPILATION_CONDITIONS = "DEBUG $(inherited)";
				SWIFT_OPTIMIZATION_LEVEL = "-Onone";
			};
			name = Debug;
		};
		9E901EA12F2C4D030028581D /* Release */ = {
			isa = XCBuildConfiguration;
			buildSettings = {
				ALWAYS_SEARCH_USER_PATHS = NO;
				ASSETCATALOG_COMPILER_GENERATE_SWIFT_ASSET_SYMBOL_EXTENSIONS = YES;
				CLANG_ANALYZER_NONNULL = YES;
				CLANG_ANALYZER_NUMBER_OBJECT_CONVERSION = YES_AGGRESSIVE;
				CLANG_CXX_LANGUAGE_STANDARD = "gnu++20";
				CLANG_ENABLE_MODULES = YES;
				CLANG_ENABLE_OBJC_ARC = YES;
				CLANG_ENABLE_OBJC_WEAK = YES;
				CLANG_WARN_BLOCK_CAPTURE_AUTORELEASING = YES;
				CLANG_WARN_BOOL_CONVERSION = YES;
				CLANG_WARN_COMMA = YES;
				CLANG_WARN_CONSTANT_CONVERSION = YES;
				CLANG_WARN_DEPRECATED_OBJC_IMPLEMENTATIONS = YES;
				CLANG_WARN_DIRECT_OBJC_ISA_USAGE = YES_ERROR;
				CLANG_WARN_DOCUMENTATION_COMMENTS = YES;
				CLANG_WARN_EMPTY_BODY = YES;
				CLANG_WARN_ENUM_CONVERSION = YES;
				CLANG_WARN_INFINITE_RECURSION = YES;
				CLANG_WARN_INT_CONVERSION = YES;
				CLANG_WARN_NON_LITERAL_NULL_CONVERSION = YES;
				CLANG_WARN_OBJC_IMPLICIT_RETAIN_SELF = YES;
				CLANG_WARN_OBJC_LITERAL_CONVERSION = YES;
				CLANG_WARN_OBJC_ROOT_CLASS = YES_ERROR;
				CLANG_WARN_QUOTED_INCLUDE_IN_FRAMEWORK_HEADER = YES;
				CLANG_WARN_RANGE_LOOP_ANALYSIS = YES;
				CLANG_WARN_STRICT_PROTOTYPES = YES;
				CLANG_WARN_SUSPICIOUS_MOVE = YES;
				CLANG_WARN_UNGUARDED_AVAILABILITY = YES_AGGRESSIVE;
				CLANG_WARN_UNREACHABLE_CODE = YES;
				CLANG_WARN__DUPLICATE_METHOD_MATCH = YES;
				COPY_PHASE_STRIP = NO;
				DEBUG_INFORMATION_FORMAT = "dwarf-with-dsym";
				DEVELOPMENT_TEAM = Z3TXJ872H6;
				ENABLE_NS_ASSERTIONS = NO;
				ENABLE_STRICT_OBJC_MSGSEND = YES;
				ENABLE_USER_SCRIPT_SANDBOXING = YES;
				GCC_C_LANGUAGE_STANDARD = gnu17;
				GCC_NO_COMMON_BLOCKS = YES;
				GCC_WARN_64_TO_32_BIT_CONVERSION = YES;
				GCC_WARN_ABOUT_RETURN_TYPE = YES_ERROR;
				GCC_WARN_UNDECLARED_SELECTOR = YES;
				GCC_WARN_UNINITIALIZED_AUTOS = YES_AGGRESSIVE;
				GCC_WARN_UNUSED_FUNCTION = YES;
				GCC_WARN_UNUSED_VARIABLE = YES;
				LOCALIZATION_PREFERS_STRING_CATALOGS = YES;
				MTL_ENABLE_DEBUG_INFO = NO;
				MTL_FAST_MATH = NO;
				SWIFT_COMPILATION_MODE = wholemodule;
			};
			name = Release;
		};
		9E901EA32F2C4D030028581D /* Debug */ = {
			isa = XCBuildConfiguration;
			buildSettings = {
				ASSETCATALOG_COMPILER_APPICON_NAME = AppIcon;
				ASSETCATALOG_COMPILER_GLOBAL_ACCENT_COLOR_NAME = AccentColor;
				AUTOMATION_APPLE_EVENTS = NO;
				CODE_SIGN_ENTITLEMENTS = shortcuts_example/shortcuts_example.entitlements;
				CODE_SIGN_STYLE = Automatic;
				CURRENT_PROJECT_VERSION = 1;
				DEVELOPMENT_TEAM = Z3TXJ872H6;
				ENABLE_APP_SANDBOX = YES;
				ENABLE_HARDENED_RUNTIME = NO;
				ENABLE_PREVIEWS = YES;
				ENABLE_RESOURCE_ACCESS_AUDIO_INPUT = NO;
				ENABLE_RESOURCE_ACCESS_CALENDARS = NO;
				ENABLE_RESOURCE_ACCESS_CAMERA = NO;
				ENABLE_RESOURCE_ACCESS_CONTACTS = NO;
				ENABLE_RESOURCE_ACCESS_LOCATION = NO;
				ENABLE_RESOURCE_ACCESS_PHOTO_LIBRARY = NO;
				ENABLE_USER_SELECTED_FILES = readonly;
				GENERATE_INFOPLIST_FILE = YES;
				INFOPLIST_FILE = "shortcuts-example-Info.plist";
				INFOPLIST_KEY_CFBundleDisplayName = VisionCraft;
				INFOPLIST_KEY_NSBluetoothAlwaysUsageDescription = "Rivo 리모컨 연결을 위해 Bluetooth가 필요합니다.";
				INFOPLIST_KEY_NSCameraUsageDescription = "for document scan";
				INFOPLIST_KEY_NSMicrophoneUsageDescription = "음성 입력을 위해 필요합니다.";
				INFOPLIST_KEY_NSMotionUsageDescription = "문서 자동 촬영 중 기기 흔들림을 감지하기 위해 필요합니다.";
				INFOPLIST_KEY_NSSpeechRecognitionUsageDescription = "음성 인식을 위해 필요합니다.";
				"INFOPLIST_KEY_UIApplicationSceneManifest_Generation[sdk=iphoneos*]" = YES;
				"INFOPLIST_KEY_UIApplicationSceneManifest_Generation[sdk=iphonesimulator*]" = YES;
				"INFOPLIST_KEY_UIApplicationSupportsIndirectInputEvents[sdk=iphoneos*]" = YES;
				"INFOPLIST_KEY_UIApplicationSupportsIndirectInputEvents[sdk=iphonesimulator*]" = YES;
				"INFOPLIST_KEY_UILaunchScreen_Generation[sdk=iphoneos*]" = YES;
				"INFOPLIST_KEY_UILaunchScreen_Generation[sdk=iphonesimulator*]" = YES;
				"INFOPLIST_KEY_UIStatusBarStyle[sdk=iphoneos*]" = UIStatusBarStyleDefault;
				"INFOPLIST_KEY_UIStatusBarStyle[sdk=iphonesimulator*]" = UIStatusBarStyleDefault;
				INFOPLIST_KEY_UISupportedInterfaceOrientations_iPad = "UIInterfaceOrientationPortrait UIInterfaceOrientationPortraitUpsideDown UIInterfaceOrientationLandscapeLeft UIInterfaceOrientationLandscapeRight";
				INFOPLIST_KEY_UISupportedInterfaceOrientations_iPhone = "UIInterfaceOrientationPortrait UIInterfaceOrientationLandscapeLeft UIInterfaceOrientationLandscapeRight";
				IPHONEOS_DEPLOYMENT_TARGET = 26.2;
				LD_RUNPATH_SEARCH_PATHS = "@executable_path/Frameworks";
				"LD_RUNPATH_SEARCH_PATHS[sdk=macosx*]" = "@executable_path/../Frameworks";
				MACOSX_DEPLOYMENT_TARGET = 26.2;
				MARKETING_VERSION = 1.0;
				PRODUCT_BUNDLE_IDENTIFIER = "com.rivo.shortcuts-example.shortcuts-example";
				PRODUCT_NAME = "$(TARGET_NAME)";
				REGISTER_APP_GROUPS = YES;
				RUNTIME_EXCEPTION_ALLOW_DYLD_ENVIRONMENT_VARIABLES = NO;
				RUNTIME_EXCEPTION_ALLOW_JIT = NO;
				RUNTIME_EXCEPTION_ALLOW_UNSIGNED_EXECUTABLE_MEMORY = NO;
				RUNTIME_EXCEPTION_DEBUGGING_TOOL = NO;
				RUNTIME_EXCEPTION_DISABLE_EXECUTABLE_PAGE_PROTECTION = NO;
				RUNTIME_EXCEPTION_DISABLE_LIBRARY_VALIDATION = NO;
				SDKROOT = auto;
				STRING_CATALOG_GENERATE_SYMBOLS = YES;
				SUPPORTED_PLATFORMS = "iphoneos iphonesimulator macosx xros xrsimulator";
				SWIFT_APPROACHABLE_CONCURRENCY = YES;
				SWIFT_DEFAULT_ACTOR_ISOLATION = MainActor;
				SWIFT_EMIT_LOC_STRINGS = YES;
				SWIFT_UPCOMING_FEATURE_MEMBER_IMPORT_VISIBILITY = YES;
				SWIFT_VERSION = 5.0;
				TARGETED_DEVICE_FAMILY = "1,2,7";
				XROS_DEPLOYMENT_TARGET = 26.2;
			};
			name = Debug;
		};
		9E901EA42F2C4D030028581D /* Release */ = {
			isa = XCBuildConfiguration;
			buildSettings = {
				ASSETCATALOG_COMPILER_APPICON_NAME = AppIcon;
				ASSETCATALOG_COMPILER_GLOBAL_ACCENT_COLOR_NAME = AccentColor;
				AUTOMATION_APPLE_EVENTS = NO;
				CODE_SIGN_ENTITLEMENTS = shortcuts_example/shortcuts_example.entitlements;
				CODE_SIGN_STYLE = Automatic;
				CURRENT_PROJECT_VERSION = 1;
				DEVELOPMENT_TEAM = Z3TXJ872H6;
				ENABLE_APP_SANDBOX = YES;
				ENABLE_HARDENED_RUNTIME = NO;
				ENABLE_PREVIEWS = YES;
				ENABLE_RESOURCE_ACCESS_AUDIO_INPUT = NO;
				ENABLE_RESOURCE_ACCESS_CALENDARS = NO;
				ENABLE_RESOURCE_ACCESS_CAMERA = NO;
				ENABLE_RESOURCE_ACCESS_CONTACTS = NO;
				ENABLE_RESOURCE_ACCESS_LOCATION = NO;
				ENABLE_RESOURCE_ACCESS_PHOTO_LIBRARY = NO;
				ENABLE_USER_SELECTED_FILES = readonly;
				GENERATE_INFOPLIST_FILE = YES;
				INFOPLIST_FILE = "shortcuts-example-Info.plist";
				INFOPLIST_KEY_CFBundleDisplayName = VisionCraft;
				INFOPLIST_KEY_NSBluetoothAlwaysUsageDescription = "Rivo 리모컨 연결을 위해 Bluetooth가 필요합니다.";
				INFOPLIST_KEY_NSCameraUsageDescription = "for document scan";
				INFOPLIST_KEY_NSMicrophoneUsageDescription = "음성 입력을 위해 필요합니다.";
				INFOPLIST_KEY_NSMotionUsageDescription = "문서 자동 촬영 중 기기 흔들림을 감지하기 위해 필요합니다.";
				INFOPLIST_KEY_NSSpeechRecognitionUsageDescription = "음성 인식을 위해 필요합니다.";
				"INFOPLIST_KEY_UIApplicationSceneManifest_Generation[sdk=iphoneos*]" = YES;
				"INFOPLIST_KEY_UIApplicationSceneManifest_Generation[sdk=iphonesimulator*]" = YES;
				"INFOPLIST_KEY_UIApplicationSupportsIndirectInputEvents[sdk=iphoneos*]" = YES;
				"INFOPLIST_KEY_UIApplicationSupportsIndirectInputEvents[sdk=iphonesimulator*]" = YES;
				"INFOPLIST_KEY_UILaunchScreen_Generation[sdk=iphoneos*]" = YES;
				"INFOPLIST_KEY_UILaunchScreen_Generation[sdk=iphonesimulator*]" = YES;
				"INFOPLIST_KEY_UIStatusBarStyle[sdk=iphoneos*]" = UIStatusBarStyleDefault;
				"INFOPLIST_KEY_UIStatusBarStyle[sdk=iphonesimulator*]" = UIStatusBarStyleDefault;
				INFOPLIST_KEY_UISupportedInterfaceOrientations_iPad = "UIInterfaceOrientationPortrait UIInterfaceOrientationPortraitUpsideDown UIInterfaceOrientationLandscapeLeft UIInterfaceOrientationLandscapeRight";
				INFOPLIST_KEY_UISupportedInterfaceOrientations_iPhone = "UIInterfaceOrientationPortrait UIInterfaceOrientationLandscapeLeft UIInterfaceOrientationLandscapeRight";
				IPHONEOS_DEPLOYMENT_TARGET = 26.2;
				LD_RUNPATH_SEARCH_PATHS = "@executable_path/Frameworks";
				"LD_RUNPATH_SEARCH_PATHS[sdk=macosx*]" = "@executable_path/../Frameworks";
				MACOSX_DEPLOYMENT_TARGET = 26.2;
				MARKETING_VERSION = 1.0;
				PRODUCT_BUNDLE_IDENTIFIER = "com.rivo.shortcuts-example.shortcuts-example";
				PRODUCT_NAME = "$(TARGET_NAME)";
				REGISTER_APP_GROUPS = YES;
				RUNTIME_EXCEPTION_ALLOW_DYLD_ENVIRONMENT_VARIABLES = NO;
				RUNTIME_EXCEPTION_ALLOW_JIT = NO;
				RUNTIME_EXCEPTION_ALLOW_UNSIGNED_EXECUTABLE_MEMORY = NO;
				RUNTIME_EXCEPTION_DEBUGGING_TOOL = NO;
				RUNTIME_EXCEPTION_DISABLE_EXECUTABLE_PAGE_PROTECTION = NO;
				RUNTIME_EXCEPTION_DISABLE_LIBRARY_VALIDATION = NO;
				SDKROOT = auto;
				STRING_CATALOG_GENERATE_SYMBOLS = YES;
				SUPPORTED_PLATFORMS = "iphoneos iphonesimulator macosx xros xrsimulator";
				SWIFT_APPROACHABLE_CONCURRENCY = YES;
				SWIFT_DEFAULT_ACTOR_ISOLATION = MainActor;
				SWIFT_EMIT_LOC_STRINGS = YES;
				SWIFT_UPCOMING_FEATURE_MEMBER_IMPORT_VISIBILITY = YES;
				SWIFT_VERSION = 5.0;
				TARGETED_DEVICE_FAMILY = "1,2,7";
				XROS_DEPLOYMENT_TARGET = 26.2;
			};
			name = Release;
		};
		9ED29E832F47FA34007204D2 /* Debug */ = {
			isa = XCBuildConfiguration;
			buildSettings = {
				CODE_SIGN_ENTITLEMENTS = intentExtension/intentExtension.entitlements;
				CODE_SIGN_STYLE = Automatic;
				CURRENT_PROJECT_VERSION = 1;
				DEVELOPMENT_TEAM = Z3TXJ872H6;
				GENERATE_INFOPLIST_FILE = YES;
				INFOPLIST_FILE = intentExtension/Info.plist;
				INFOPLIST_KEY_CFBundleDisplayName = intentExtension;
				INFOPLIST_KEY_NSHumanReadableCopyright = "";
				IPHONEOS_DEPLOYMENT_TARGET = 26.2;
				LD_RUNPATH_SEARCH_PATHS = (
					"$(inherited)",
					"@executable_path/Frameworks",
					"@executable_path/../../Frameworks",
				);
				MARKETING_VERSION = 1.0;
				PRODUCT_BUNDLE_IDENTIFIER = "com.rivo.shortcuts-example.shortcuts-example.intentExtension";
				PRODUCT_NAME = "$(TARGET_NAME)";
				SDKROOT = iphoneos;
				SKIP_INSTALL = YES;
				STRING_CATALOG_GENERATE_SYMBOLS = YES;
				SWIFT_APPROACHABLE_CONCURRENCY = YES;
				SWIFT_EMIT_LOC_STRINGS = YES;
				SWIFT_UPCOMING_FEATURE_MEMBER_IMPORT_VISIBILITY = YES;
				SWIFT_VERSION = 5.0;
				TARGETED_DEVICE_FAMILY = "1,2";
			};
			name = Debug;
		};
		9ED29E842F47FA34007204D2 /* Release */ = {
			isa = XCBuildConfiguration;
			buildSettings = {
				CODE_SIGN_ENTITLEMENTS = intentExtension/intentExtension.entitlements;
				CODE_SIGN_STYLE = Automatic;
				CURRENT_PROJECT_VERSION = 1;
				DEVELOPMENT_TEAM = Z3TXJ872H6;
				GENERATE_INFOPLIST_FILE = YES;
				INFOPLIST_FILE = intentExtension/Info.plist;
				INFOPLIST_KEY_CFBundleDisplayName = intentExtension;
				INFOPLIST_KEY_NSHumanReadableCopyright = "";
				IPHONEOS_DEPLOYMENT_TARGET = 26.2;
				LD_RUNPATH_SEARCH_PATHS = (
					"$(inherited)",
					"@executable_path/Frameworks",
					"@executable_path/../../Frameworks",
				);
				MARKETING_VERSION = 1.0;
				PRODUCT_BUNDLE_IDENTIFIER = "com.rivo.shortcuts-example.shortcuts-example.intentExtension";
				PRODUCT_NAME = "$(TARGET_NAME)";
				SDKROOT = iphoneos;
				SKIP_INSTALL = YES;
				STRING_CATALOG_GENERATE_SYMBOLS = YES;
				SWIFT_APPROACHABLE_CONCURRENCY = YES;
				SWIFT_EMIT_LOC_STRINGS = YES;
				SWIFT_UPCOMING_FEATURE_MEMBER_IMPORT_VISIBILITY = YES;
				SWIFT_VERSION = 5.0;
				TARGETED_DEVICE_FAMILY = "1,2";
				VALIDATE_PRODUCT = YES;
			};
			name = Release;
		};
		9ED29E872F47FA34007204D2 /* Debug */ = {
			isa = XCBuildConfiguration;
			buildSettings = {
				CODE_SIGN_ENTITLEMENTS = intentExtensionUI/intentExtensionUI.entitlements;
				CODE_SIGN_STYLE = Automatic;
				CURRENT_PROJECT_VERSION = 1;
				DEVELOPMENT_TEAM = Z3TXJ872H6;
				GENERATE_INFOPLIST_FILE = YES;
				INFOPLIST_FILE = intentExtensionUI/Info.plist;
				INFOPLIST_KEY_CFBundleDisplayName = intentExtensionUI;
				INFOPLIST_KEY_NSHumanReadableCopyright = "";
				IPHONEOS_DEPLOYMENT_TARGET = 26.2;
				LD_RUNPATH_SEARCH_PATHS = (
					"$(inherited)",
					"@executable_path/Frameworks",
					"@executable_path/../../Frameworks",
				);
				MARKETING_VERSION = 1.0;
				PRODUCT_BUNDLE_IDENTIFIER = "com.rivo.shortcuts-example.shortcuts-example.intentExtensionUI";
				PRODUCT_NAME = "$(TARGET_NAME)";
				SDKROOT = iphoneos;
				SKIP_INSTALL = YES;
				STRING_CATALOG_GENERATE_SYMBOLS = YES;
				SWIFT_APPROACHABLE_CONCURRENCY = YES;
				SWIFT_EMIT_LOC_STRINGS = YES;
				SWIFT_UPCOMING_FEATURE_MEMBER_IMPORT_VISIBILITY = YES;
				SWIFT_VERSION = 5.0;
				TARGETED_DEVICE_FAMILY = "1,2";
			};
			name = Debug;
		};
		9ED29E882F47FA34007204D2 /* Release */ = {
			isa = XCBuildConfiguration;
			buildSettings = {
				CODE_SIGN_ENTITLEMENTS = intentExtensionUI/intentExtensionUI.entitlements;
				CODE_SIGN_STYLE = Automatic;
				CURRENT_PROJECT_VERSION = 1;
				DEVELOPMENT_TEAM = Z3TXJ872H6;
				GENERATE_INFOPLIST_FILE = YES;
				INFOPLIST_FILE = intentExtensionUI/Info.plist;
				INFOPLIST_KEY_CFBundleDisplayName = intentExtensionUI;
				INFOPLIST_KEY_NSHumanReadableCopyright = "";
				IPHONEOS_DEPLOYMENT_TARGET = 26.2;
				LD_RUNPATH_SEARCH_PATHS = (
					"$(inherited)",
					"@executable_path/Frameworks",
					"@executable_path/../../Frameworks",
				);
				MARKETING_VERSION = 1.0;
				PRODUCT_BUNDLE_IDENTIFIER = "com.rivo.shortcuts-example.shortcuts-example.intentExtensionUI";
				PRODUCT_NAME = "$(TARGET_NAME)";
				SDKROOT = iphoneos;
				SKIP_INSTALL = YES;
				STRING_CATALOG_GENERATE_SYMBOLS = YES;
				SWIFT_APPROACHABLE_CONCURRENCY = YES;
				SWIFT_EMIT_LOC_STRINGS = YES;
				SWIFT_UPCOMING_FEATURE_MEMBER_IMPORT_VISIBILITY = YES;
				SWIFT_VERSION = 5.0;
				TARGETED_DEVICE_FAMILY = "1,2";
				VALIDATE_PRODUCT = YES;
			};
			name = Release;
		};
		9ED29E9C2F47FA9A007204D2 /* Debug */ = {
			isa = XCBuildConfiguration;
			buildSettings = {
				CODE_SIGN_ENTITLEMENTS = appIntentExtension/appIntentExtension.entitlements;
				CODE_SIGN_STYLE = Automatic;
				CURRENT_PROJECT_VERSION = 1;
				DEVELOPMENT_TEAM = Z3TXJ872H6;
				GENERATE_INFOPLIST_FILE = YES;
				INFOPLIST_FILE = appIntentExtension/Info.plist;
				INFOPLIST_KEY_CFBundleDisplayName = appIntentExtension;
				INFOPLIST_KEY_NSHumanReadableCopyright = "";
				IPHONEOS_DEPLOYMENT_TARGET = 26.2;
				LD_RUNPATH_SEARCH_PATHS = (
					"$(inherited)",
					"@executable_path/Frameworks",
					"@executable_path/../../Frameworks",
				);
				MARKETING_VERSION = 1.0;
				PRODUCT_BUNDLE_IDENTIFIER = "com.rivo.shortcuts-example.shortcuts-example.appIntentExtension";
				PRODUCT_NAME = "$(TARGET_NAME)";
				SDKROOT = iphoneos;
				SKIP_INSTALL = YES;
				STRING_CATALOG_GENERATE_SYMBOLS = YES;
				SWIFT_APPROACHABLE_CONCURRENCY = YES;
				SWIFT_EMIT_LOC_STRINGS = YES;
				SWIFT_UPCOMING_FEATURE_MEMBER_IMPORT_VISIBILITY = YES;
				SWIFT_VERSION = 5.0;
				TARGETED_DEVICE_FAMILY = "1,2";
			};
			name = Debug;
		};
		9ED29E9D2F47FA9A007204D2 /* Release */ = {
			isa = XCBuildConfiguration;
			buildSettings = {
				CODE_SIGN_ENTITLEMENTS = appIntentExtension/appIntentExtension.entitlements;
				CODE_SIGN_STYLE = Automatic;
				CURRENT_PROJECT_VERSION = 1;
				DEVELOPMENT_TEAM = Z3TXJ872H6;
				GENERATE_INFOPLIST_FILE = YES;
				INFOPLIST_FILE = appIntentExtension/Info.plist;
				INFOPLIST_KEY_CFBundleDisplayName = appIntentExtension;
				INFOPLIST_KEY_NSHumanReadableCopyright = "";
				IPHONEOS_DEPLOYMENT_TARGET = 26.2;
				LD_RUNPATH_SEARCH_PATHS = (
					"$(inherited)",
					"@executable_path/Frameworks",
					"@executable_path/../../Frameworks",
				);
				MARKETING_VERSION = 1.0;
				PRODUCT_BUNDLE_IDENTIFIER = "com.rivo.shortcuts-example.shortcuts-example.appIntentExtension";
				PRODUCT_NAME = "$(TARGET_NAME)";
				SDKROOT = iphoneos;
				SKIP_INSTALL = YES;
				STRING_CATALOG_GENERATE_SYMBOLS = YES;
				SWIFT_APPROACHABLE_CONCURRENCY = YES;
				SWIFT_EMIT_LOC_STRINGS = YES;
				SWIFT_UPCOMING_FEATURE_MEMBER_IMPORT_VISIBILITY = YES;
				SWIFT_VERSION = 5.0;
				TARGETED_DEVICE_FAMILY = "1,2";
				VALIDATE_PRODUCT = YES;
			};
			name = Release;
		};
/* End XCBuildConfiguration section */

/* Begin XCConfigurationList section */
		9E5CC2012F8000010000000D /* Build configuration list for PBXNativeTarget "shareExtension" */ = {
			isa = XCConfigurationList;
			buildConfigurations = (
				9E5CC2012F8000010000000B /* Debug */,
				9E5CC2012F8000010000000C /* Release */,
			);
			defaultConfigurationIsVisible = 0;
			defaultConfigurationName = Release;
		};
		9E5CC3012F8000020000000D /* Build configuration list for PBXNativeTarget "actionExtension" */ = {
			isa = XCConfigurationList;
			buildConfigurations = (
				9E5CC3012F8000020000000B /* Debug */,
				9E5CC3012F8000020000000C /* Release */,
			);
			defaultConfigurationIsVisible = 0;
			defaultConfigurationName = Release;
		};
		9E5CC4012F8000030000000D /* Build configuration list for PBXNativeTarget "rivoWidget" */ = {
			isa = XCConfigurationList;
			buildConfigurations = (
				9E5CC4012F8000030000000B /* Debug */,
				9E5CC4012F8000030000000C /* Release */,
			);
			defaultConfigurationIsVisible = 0;
			defaultConfigurationName = Release;
		};
		9E5CB1002F6B00010000000B /* Build configuration list for PBXNativeTarget "shortcuts_exampleTests" */ = {
			isa = XCConfigurationList;
			buildConfigurations = (
				9E5CB1002F6B000100000009 /* Debug */,
				9E5CB1002F6B00010000000A /* Release */,
			);
			defaultConfigurationIsVisible = 0;
			defaultConfigurationName = Release;
		};
		9E901E922F2C4D010028581D /* Build configuration list for PBXProject "shortcuts_example" */ = {
			isa = XCConfigurationList;
			buildConfigurations = (
				9E901EA02F2C4D030028581D /* Debug */,
				9E901EA12F2C4D030028581D /* Release */,
			);
			defaultConfigurationIsVisible = 0;
			defaultConfigurationName = Release;
		};
		9E901EA22F2C4D030028581D /* Build configuration list for PBXNativeTarget "shortcuts_example" */ = {
			isa = XCConfigurationList;
			buildConfigurations = (
				9E901EA32F2C4D030028581D /* Debug */,
				9E901EA42F2C4D030028581D /* Release */,
			);
			defaultConfigurationIsVisible = 0;
			defaultConfigurationName = Release;
		};
		9ED29E822F47FA34007204D2 /* Build configuration list for PBXNativeTarget "intentExtension" */ = {
			isa = XCConfigurationList;
			buildConfigurations = (
				9ED29E832F47FA34007204D2 /* Debug */,
				9ED29E842F47FA34007204D2 /* Release */,
			);
			defaultConfigurationIsVisible = 0;
			defaultConfigurationName = Release;
		};
		9ED29E862F47FA34007204D2 /* Build configuration list for PBXNativeTarget "intentExtensionUI" */ = {
			isa = XCConfigurationList;
			buildConfigurations = (
				9ED29E872F47FA34007204D2 /* Debug */,
				9ED29E882F47FA34007204D2 /* Release */,
			);
			defaultConfigurationIsVisible = 0;
			defaultConfigurationName = Release;
		};
		9ED29E9B2F47FA9A007204D2 /* Build configuration list for PBXNativeTarget "appIntentExtension" */ = {
			isa = XCConfigurationList;
			buildConfigurations = (
				9ED29E9C2F47FA9A007204D2 /* Debug */,
				9ED29E9D2F47FA9A007204D2 /* Release */,
			);
			defaultConfigurationIsVisible = 0;
			defaultConfigurationName = Release;
		};
/* End XCConfigurationList section */

/* Begin XCRemoteSwiftPackageReference section */
		9EA600012FA6000100000001 /* XCRemoteSwiftPackageReference "ZIPFoundation" */ = {
			isa = XCRemoteSwiftPackageReference;
			repositoryURL = "https://github.com/weichsel/ZIPFoundation.git";
			requirement = {
				kind = exactVersion;
				version = 0.9.20;
			};
		};
		9E0351462F4BF88000D864AF /* XCRemoteSwiftPackageReference "mlx-swift-lm" */ = {
			isa = XCRemoteSwiftPackageReference;
			repositoryURL = "https://github.com/ml-explore/mlx-swift-lm/";
			requirement = {
				kind = upToNextMajorVersion;
				minimumVersion = 2.30.6;
			};
		};
		9E5CA0012F6A000100000001 /* XCRemoteSwiftPackageReference "onnxruntime-swift-package-manager" */ = {
			isa = XCRemoteSwiftPackageReference;
			repositoryURL = "https://github.com/microsoft/onnxruntime-swift-package-manager.git";
			requirement = {
				kind = exactVersion;
				version = 1.24.2;
			};
		};
		9E71A0002F7D000100000001 /* XCRemoteSwiftPackageReference "stream-video-swift-webrtc" */ = {
			isa = XCRemoteSwiftPackageReference;
			repositoryURL = "https://github.com/GetStream/stream-video-swift-webrtc.git";
			requirement = {
				kind = exactVersion;
				version = 145.12.0;
			};
		};
/* End XCRemoteSwiftPackageReference section */

/* Begin XCSwiftPackageProductDependency section */
		9EA600032FA6000100000003 /* ZIPFoundation */ = {
			isa = XCSwiftPackageProductDependency;
			package = 9EA600012FA6000100000001 /* XCRemoteSwiftPackageReference "ZIPFoundation" */;
			productName = ZIPFoundation;
		};
		9E0351472F4BF88000D864AF /* MLXEmbedders */ = {
			isa = XCSwiftPackageProductDependency;
			package = 9E0351462F4BF88000D864AF /* XCRemoteSwiftPackageReference "mlx-swift-lm" */;
			productName = MLXEmbedders;
		};
		9E0351492F4BF88000D864AF /* MLXLLM */ = {
			isa = XCSwiftPackageProductDependency;
			package = 9E0351462F4BF88000D864AF /* XCRemoteSwiftPackageReference "mlx-swift-lm" */;
			productName = MLXLLM;
		};
		9E03514B2F4BF88000D864AF /* MLXLMCommon */ = {
			isa = XCSwiftPackageProductDependency;
			package = 9E0351462F4BF88000D864AF /* XCRemoteSwiftPackageReference "mlx-swift-lm" */;
			productName = MLXLMCommon;
		};
		9E03514D2F4BF88000D864AF /* MLXVLM */ = {
			isa = XCSwiftPackageProductDependency;
			package = 9E0351462F4BF88000D864AF /* XCRemoteSwiftPackageReference "mlx-swift-lm" */;
			productName = MLXVLM;
		};
		9E5CA0012F6A000100000003 /* onnxruntime */ = {
			isa = XCSwiftPackageProductDependency;
			package = 9E5CA0012F6A000100000001 /* XCRemoteSwiftPackageReference "onnxruntime-swift-package-manager" */;
			productName = onnxruntime;
		};
		9E71A0012F7D000100000001 /* StreamWebRTC */ = {
			isa = XCSwiftPackageProductDependency;
			package = 9E71A0002F7D000100000001 /* XCRemoteSwiftPackageReference "stream-video-swift-webrtc" */;
			productName = StreamWebRTC;
		};
/* End XCSwiftPackageProductDependency section */
	};
	rootObject = 9E901E8F2F2C4D010028581D /* Project object */;
}
